
Microsoft Visual Studio Solution File, Format Version 12.00
# Visual Studio Version 17
VisualStudioVersion = 17.3.32929.385
MinimumVisualStudioVersion = 10.0.40219.1
Project("{9A19103F-16F7-4668-BE54-9A1E7A4F7556}") = "DataLib", "DataLib\DataLib.csproj", "{7FA4BDC2-43B0-41BE-BB7F-DAE81FA0381B}"
EndProject
Project("{9A19103F-16F7-4668-BE54-9A1E7A4F7556}") = "ExcelExport", "ExcelExport\ExcelExport.csproj", "{BC80231A-B58B-4E0A-998D-0B59A508CB1E}"
EndProject
Project("{9A19103F-16F7-4668-BE54-9A1E7A4F7556}") = "NowsRequestDataLib", "NowsRequestDataLib\NowsRequestDataLib.csproj", "{C829040B-6CCF-483C-A1D0-D8BD1031414E}"
EndProject
Project("{2150E333-8FDC-42A3-9474-1A3956D46DE8}") = "Solution Items", "Solution Items", "{23F076A5-C804-484E-8962-7B0A738C0BF7}"
	ProjectSection(SolutionItems) = preProject
		TimsToolDB.sql = TimsToolDB.sql
	EndProjectSection
EndProject
Project("{9A19103F-16F7-4668-BE54-9A1E7A4F7556}") = "TimsTool", "TimsTool\TimsTool.csproj", "{E32FCFE2-15DF-4435-BC51-7EAF88646DF6}"
EndProject
Project("{9A19103F-16F7-4668-BE54-9A1E7A4F7556}") = "Configuration", "Configuration\Configuration.csproj", "{6741CB5E-31E4-4FCF-BDEC-4D1D3AFEFBEE}"
EndProject
Project("{9A19103F-16F7-4668-BE54-9A1E7A4F7556}") = "Models", "Models\Models.csproj", "{9707C7FB-0E23-4D53-8AB5-7181945C3695}"
EndProject
Project("{9A19103F-16F7-4668-BE54-9A1E7A4F7556}") = "ResultsDataService", "ResultsDataService\ResultsDataService.csproj", "{45EE7159-4A3C-41F4-9FBE-FE1E721CFDCA}"
EndProject
Project("{9A19103F-16F7-4668-BE54-9A1E7A4F7556}") = "Identity", "Identity\Identity.csproj", "{9E6DE393-80A2-48B0-99ED-14816917872E}"
EndProject
Project("{9A19103F-16F7-4668-BE54-9A1E7A4F7556}") = "DataAccessLayer", "DataAccessLayer\DataAccessLayer.csproj", "{0B4D9B96-79A4-4E32-A16D-1C9FF5EBE01B}"
EndProject
Project("{9A19103F-16F7-4668-BE54-9A1E7A4F7556}") = "SupportTooling", "SupportTooling\SupportTooling.csproj", "{ABFB414E-4DF5-4B2A-A063-B71EBCCC77C0}"
EndProject
Global
	GlobalSection(SolutionConfigurationPlatforms) = preSolution
		Debug|Any CPU = Debug|Any CPU
		Release|Any CPU = Release|Any CPU
	EndGlobalSection
	GlobalSection(ProjectConfigurationPlatforms) = postSolution
		{7FA4BDC2-43B0-41BE-BB7F-DAE81FA0381B}.Debug|Any CPU.ActiveCfg = Debug|Any CPU
		{7FA4BDC2-43B0-41BE-BB7F-DAE81FA0381B}.Debug|Any CPU.Build.0 = Debug|Any CPU
		{7FA4BDC2-43B0-41BE-BB7F-DAE81FA0381B}.Release|Any CPU.ActiveCfg = Release|Any CPU
		{7FA4BDC2-43B0-41BE-BB7F-DAE81FA0381B}.Release|Any CPU.Build.0 = Release|Any CPU
		{BC80231A-B58B-4E0A-998D-0B59A508CB1E}.Debug|Any CPU.ActiveCfg = Debug|Any CPU
		{BC80231A-B58B-4E0A-998D-0B59A508CB1E}.Debug|Any CPU.Build.0 = Debug|Any CPU
		{BC80231A-B58B-4E0A-998D-0B59A508CB1E}.Release|Any CPU.ActiveCfg = Release|Any CPU
		{BC80231A-B58B-4E0A-998D-0B59A508CB1E}.Release|Any CPU.Build.0 = Release|Any CPU
		{C829040B-6CCF-483C-A1D0-D8BD1031414E}.Debug|Any CPU.ActiveCfg = Debug|Any CPU
		{C829040B-6CCF-483C-A1D0-D8BD1031414E}.Debug|Any CPU.Build.0 = Debug|Any CPU
		{C829040B-6CCF-483C-A1D0-D8BD1031414E}.Release|Any CPU.ActiveCfg = Release|Any CPU
		{C829040B-6CCF-483C-A1D0-D8BD1031414E}.Release|Any CPU.Build.0 = Release|Any CPU
		{E32FCFE2-15DF-4435-BC51-7EAF88646DF6}.Debug|Any CPU.ActiveCfg = Debug|Any CPU
		{E32FCFE2-15DF-4435-BC51-7EAF88646DF6}.Debug|Any CPU.Build.0 = Debug|Any CPU
		{E32FCFE2-15DF-4435-BC51-7EAF88646DF6}.Release|Any CPU.ActiveCfg = Release|Any CPU
		{E32FCFE2-15DF-4435-BC51-7EAF88646DF6}.Release|Any CPU.Build.0 = Release|Any CPU
		{6741CB5E-31E4-4FCF-BDEC-4D1D3AFEFBEE}.Debug|Any CPU.ActiveCfg = Debug|Any CPU
		{6741CB5E-31E4-4FCF-BDEC-4D1D3AFEFBEE}.Debug|Any CPU.Build.0 = Debug|Any CPU
		{6741CB5E-31E4-4FCF-BDEC-4D1D3AFEFBEE}.Release|Any CPU.ActiveCfg = Release|Any CPU
		{6741CB5E-31E4-4FCF-BDEC-4D1D3AFEFBEE}.Release|Any CPU.Build.0 = Release|Any CPU
		{9707C7FB-0E23-4D53-8AB5-7181945C3695}.Debug|Any CPU.ActiveCfg = Debug|Any CPU
		{9707C7FB-0E23-4D53-8AB5-7181945C3695}.Debug|Any CPU.Build.0 = Debug|Any CPU
		{9707C7FB-0E23-4D53-8AB5-7181945C3695}.Release|Any CPU.ActiveCfg = Release|Any CPU
		{9707C7FB-0E23-4D53-8AB5-7181945C3695}.Release|Any CPU.Build.0 = Release|Any CPU
		{45EE7159-4A3C-41F4-9FBE-FE1E721CFDCA}.Debug|Any CPU.ActiveCfg = Debug|Any CPU
		{45EE7159-4A3C-41F4-9FBE-FE1E721CFDCA}.Debug|Any CPU.Build.0 = Debug|Any CPU
		{45EE7159-4A3C-41F4-9FBE-FE1E721CFDCA}.Release|Any CPU.ActiveCfg = Release|Any CPU
		{45EE7159-4A3C-41F4-9FBE-FE1E721CFDCA}.Release|Any CPU.Build.0 = Release|Any CPU
		{9E6DE393-80A2-48B0-99ED-14816917872E}.Debug|Any CPU.ActiveCfg = Debug|Any CPU
		{9E6DE393-80A2-48B0-99ED-14816917872E}.Debug|Any CPU.Build.0 = Debug|Any CPU
		{9E6DE393-80A2-48B0-99ED-14816917872E}.Release|Any CPU.ActiveCfg = Release|Any CPU
		{9E6DE393-80A2-48B0-99ED-14816917872E}.Release|Any CPU.Build.0 = Release|Any CPU
		{0B4D9B96-79A4-4E32-A16D-1C9FF5EBE01B}.Debug|Any CPU.ActiveCfg = Debug|Any CPU
		{0B4D9B96-79A4-4E32-A16D-1C9FF5EBE01B}.Debug|Any CPU.Build.0 = Debug|Any CPU
		{0B4D9B96-79A4-4E32-A16D-1C9FF5EBE01B}.Release|Any CPU.ActiveCfg = Release|Any CPU
		{0B4D9B96-79A4-4E32-A16D-1C9FF5EBE01B}.Release|Any CPU.Build.0 = Release|Any CPU
		{ABFB414E-4DF5-4B2A-A063-B71EBCCC77C0}.Debug|Any CPU.ActiveCfg = Debug|Any CPU
		{ABFB414E-4DF5-4B2A-A063-B71EBCCC77C0}.Debug|Any CPU.Build.0 = Debug|Any CPU
		{ABFB414E-4DF5-4B2A-A063-B71EBCCC77C0}.Release|Any CPU.ActiveCfg = Release|Any CPU
		{ABFB414E-4DF5-4B2A-A063-B71EBCCC77C0}.Release|Any CPU.Build.0 = Release|Any CPU
	EndGlobalSection
	GlobalSection(SolutionProperties) = preSolution
		HideSolutionNode = FALSE
	EndGlobalSection
	GlobalSection(ExtensibilityGlobals) = postSolution
		SolutionGuid = {5F250BCE-2187-4B4D-8FCD-4D13FDA0D185}
	EndGlobalSection
EndGlobal
